
Microsoft Visual Studio Solution File, Format Version 12.00
# Visual Studio 15
VisualStudioVersion = 15.0.28010.2026
MinimumVisualStudioVersion = 10.0.40219.1
Project("{FAE04EC0-301F-11D3-BF4B-00C04F79EFBC}") = "PaintApp", "PaintApp\PaintApp.csproj", "{76AD618C-271B-4A6A-93A5-64F58BA5F64B}"
EndProject
Project("{FAE04EC0-301F-11D3-BF4B-00C04F79EFBC}") = "PaintLibrary", "PaintLibrary\PaintLibrary.csproj", "{063A16B4-3EED-4621-981B-09F752C578EF}"
EndProject
Project("{FAE04EC0-301F-11D3-BF4B-00C04F79EFBC}") = "UnitTestProject", "UnitTestProject\UnitTestProject.csproj", "{06E05C34-7253-43B2-AD59-676D2AC0A3F3}"
EndProject
Global
	GlobalSection(SolutionConfigurationPlatforms) = preSolution
		Debug|Any CPU = Debug|Any CPU
		Release|Any CPU = Release|Any CPU
	EndGlobalSection
	GlobalSection(ProjectConfigurationPlatforms) = postSolution
		{76AD618C-271B-4A6A-93A5-64F58BA5F64B}.Debug|Any CPU.ActiveCfg = Debug|Any CPU
		{76AD618C-271B-4A6A-93A5-64F58BA5F64B}.Debug|Any CPU.Build.0 = Debug|Any CPU
		{76AD618C-271B-4A6A-93A5-64F58BA5F64B}.Release|Any CPU.ActiveCfg = Release|Any CPU
		{76AD618C-271B-4A6A-93A5-64F58BA5F64B}.Release|Any CPU.Build.0 = Release|Any CPU
		{063A16B4-3EED-4621-981B-09F752C578EF}.Debug|Any CPU.ActiveCfg = Debug|Any CPU
		{063A16B4-3EED-4621-981B-09F752C578EF}.Debug|Any CPU.Build.0 = Debug|Any CPU
		{063A16B4-3EED-4621-981B-09F752C578EF}.Release|Any CPU.ActiveCfg = Release|Any CPU
		{063A16B4-3EED-4621-981B-09F752C578EF}.Release|Any CPU.Build.0 = Release|Any CPU
		{06E05C34-7253-43B2-AD59-676D2AC0A3F3}.Debug|Any CPU.ActiveCfg = Debug|Any CPU
		{06E05C34-7253-43B2-AD59-676D2AC0A3F3}.Debug|Any CPU.Build.0 = Debug|Any CPU
		{06E05C34-7253-43B2-AD59-676D2AC0A3F3}.Release|Any CPU.ActiveCfg = Release|Any CPU
		{06E05C34-7253-43B2-AD59-676D2AC0A3F3}.Release|Any CPU.Build.0 = Release|Any CPU
	EndGlobalSection
	GlobalSection(SolutionProperties) = preSolution
		HideSolutionNode = FALSE
	EndGlobalSection
	GlobalSection(ExtensibilityGlobals) = postSolution
		SolutionGuid = {2D61C94A-2CB8-407D-B8BD-A13879CFC0D6}
	EndGlobalSection
EndGlobal
